
Microsoft Visual Studio Solution File, Format Version 12.00
# Visual Studio Version 16
VisualStudioVersion = 16.0.29230.47
MinimumVisualStudioVersion = 10.0.40219.1
Project("{8BC9CEB8-8B4A-11D0-8D11-00A0C91BC942}") = "Task0", "Task0\Task0.vcxproj", "{AD3F95C1-7DD3-4BE3-978E-6096B24D26B1}"
EndProject
Project("{8BC9CEB8-8B4A-11D0-8D11-00A0C91BC942}") = "Task1", "Task1\Task1.vcxproj", "{8C7BE647-F43A-4208-99F1-74FE7B2D2D60}"
EndProject
Project("{8BC9CEB8-8B4A-11D0-8D11-00A0C91BC942}") = "Task2", "Task2\Task2.vcxproj", "{523E16B9-DABB-463C-9B4E-AD4D1F499F9F}"
EndProject
Project("{8BC9CEB8-8B4A-11D0-8D11-00A0C91BC942}") = "Task3", "Task3\Task3.vcxproj", "{98323C7B-6EDE-47C8-972A-F41786E2C751}"
EndProject
Project("{8BC9CEB8-8B4A-11D0-8D11-00A0C91BC942}") = "Task4", "Task4\Task4.vcxproj", "{F5A24F1F-1EB7-4C0B-BA93-1589A1C257C6}"
EndProject
Project("{8BC9CEB8-8B4A-11D0-8D11-00A0C91BC942}") = "Task5", "Task5\Task5.vcxproj", "{581B1C57-4DB8-4099-99D0-7FA31A9754C2}"
EndProject
Project("{8BC9CEB8-8B4A-11D0-8D11-00A0C91BC942}") = "Task6", "Task6\Task6.vcxproj", "{39F3339B-0BCD-49F0-A54B-F6954A23E88E}"
EndProject
Project("{8BC9CEB8-8B4A-11D0-8D11-00A0C91BC942}") = "Task7", "Task7\Task7.vcxproj", "{E9330F1D-50B3-4148-B2DA-EEB02BB32790}"
EndProject
Project("{8BC9CEB8-8B4A-11D0-8D11-00A0C91BC942}") = "Task8", "Task8\Task8.vcxproj", "{F59A14E2-4CB6-4C15-8D62-02610A1C4ECA}"
EndProject
Global
	GlobalSection(SolutionConfigurationPlatforms) = preSolution
		Debug|x64 = Debug|x64
		Debug|x86 = Debug|x86
		Release|x64 = Release|x64
		Release|x86 = Release|x86
	EndGlobalSection
	GlobalSection(ProjectConfigurationPlatforms) = postSolution
		{AD3F95C1-7DD3-4BE3-978E-6096B24D26B1}.Debug|x64.ActiveCfg = Debug|x64
		{AD3F95C1-7DD3-4BE3-978E-6096B24D26B1}.Debug|x64.Build.0 = Debug|x64
		{AD3F95C1-7DD3-4BE3-978E-6096B24D26B1}.Debug|x86.ActiveCfg = Debug|Win32
		{AD3F95C1-7DD3-4BE3-978E-6096B24D26B1}.Debug|x86.Build.0 = Debug|Win32
		{AD3F95C1-7DD3-4BE3-978E-6096B24D26B1}.Release|x64.ActiveCfg = Release|x64
		{AD3F95C1-7DD3-4BE3-978E-6096B24D26B1}.Release|x64.Build.0 = Release|x64
		{AD3F95C1-7DD3-4BE3-978E-6096B24D26B1}.Release|x86.ActiveCfg = Release|Win32
		{AD3F95C1-7DD3-4BE3-978E-6096B24D26B1}.Release|x86.Build.0 = Release|Win32
		{8C7BE647-F43A-4208-99F1-74FE7B2D2D60}.Debug|x64.ActiveCfg = Debug|x64
		{8C7BE647-F43A-4208-99F1-74FE7B2D2D60}.Debug|x64.Build.0 = Debug|x64
		{8C7BE647-F43A-4208-99F1-74FE7B2D2D60}.Debug|x86.ActiveCfg = Debug|Win32
		{8C7BE647-F43A-4208-99F1-74FE7B2D2D60}.Debug|x86.Build.0 = Debug|Win32
		{8C7BE647-F43A-4208-99F1-74FE7B2D2D60}.Release|x64.ActiveCfg = Release|x64
		{8C7BE647-F43A-4208-99F1-74FE7B2D2D60}.Release|x64.Build.0 = Release|x64
		{8C7BE647-F43A-4208-99F1-74FE7B2D2D60}.Release|x86.ActiveCfg = Release|Win32
		{8C7BE647-F43A-4208-99F1-74FE7B2D2D60}.Release|x86.Build.0 = Release|Win32
		{523E16B9-DABB-463C-9B4E-AD4D1F499F9F}.Debug|x64.ActiveCfg = Debug|x64
		{523E16B9-DABB-463C-9B4E-AD4D1F499F9F}.Debug|x64.Build.0 = Debug|x64
		{523E16B9-DABB-463C-9B4E-AD4D1F499F9F}.Debug|x86.ActiveCfg = Debug|Win32
		{523E16B9-DABB-463C-9B4E-AD4D1F499F9F}.Debug|x86.Build.0 = Debug|Win32
		{523E16B9-DABB-463C-9B4E-AD4D1F499F9F}.Release|x64.ActiveCfg = Release|x64
		{523E16B9-DABB-463C-9B4E-AD4D1F499F9F}.Release|x64.Build.0 = Release|x64
		{523E16B9-DABB-463C-9B4E-AD4D1F499F9F}.Release|x86.ActiveCfg = Release|Win32
		{523E16B9-DABB-463C-9B4E-AD4D1F499F9F}.Release|x86.Build.0 = Release|Win32
		{98323C7B-6EDE-47C8-972A-F41786E2C751}.Debug|x64.ActiveCfg = Debug|x64
		{98323C7B-6EDE-47C8-972A-F41786E2C751}.Debug|x64.Build.0 = Debug|x64
		{98323C7B-6EDE-47C8-972A-F41786E2C751}.Debug|x86.ActiveCfg = Debug|Win32
		{98323C7B-6EDE-47C8-972A-F41786E2C751}.Debug|x86.Build.0 = Debug|Win32
		{98323C7B-6EDE-47C8-972A-F41786E2C751}.Release|x64.ActiveCfg = Release|x64
		{98323C7B-6EDE-47C8-972A-F41786E2C751}.Release|x64.Build.0 = Release|x64
		{98323C7B-6EDE-47C8-972A-F41786E2C751}.Release|x86.ActiveCfg = Release|Win32
		{98323C7B-6EDE-47C8-972A-F41786E2C751}.Release|x86.Build.0 = Release|Win32
		{F5A24F1F-1EB7-4C0B-BA93-1589A1C257C6}.Debug|x64.ActiveCfg = Debug|x64
		{F5A24F1F-1EB7-4C0B-BA93-1589A1C257C6}.Debug|x64.Build.0 = Debug|x64
		{F5A24F1F-1EB7-4C0B-BA93-1589A1C257C6}.Debug|x86.ActiveCfg = Debug|Win32
		{F5A24F1F-1EB7-4C0B-BA93-1589A1C257C6}.Debug|x86.Build.0 = Debug|Win32
		{F5A24F1F-1EB7-4C0B-BA93-1589A1C257C6}.Release|x64.ActiveCfg = Release|x64
		{F5A24F1F-1EB7-4C0B-BA93-1589A1C257C6}.Release|x64.Build.0 = Release|x64
		{F5A24F1F-1EB7-4C0B-BA93-1589A1C257C6}.Release|x86.ActiveCfg = Release|Win32
		{F5A24F1F-1EB7-4C0B-BA93-1589A1C257C6}.Release|x86.Build.0 = Release|Win32
		{581B1C57-4DB8-4099-99D0-7FA31A9754C2}.Debug|x64.ActiveCfg = Debug|x64
		{581B1C57-4DB8-4099-99D0-7FA31A9754C2}.Debug|x64.Build.0 = Debug|x64
		{581B1C57-4DB8-4099-99D0-7FA31A9754C2}.Debug|x86.ActiveCfg = Debug|Win32
		{581B1C57-4DB8-4099-99D0-7FA31A9754C2}.Debug|x86.Build.0 = Debug|Win32
		{581B1C57-4DB8-4099-99D0-7FA31A9754C2}.Release|x64.ActiveCfg = Release|x64
		{581B1C57-4DB8-4099-99D0-7FA31A9754C2}.Release|x64.Build.0 = Release|x64
		{581B1C57-4DB8-4099-99D0-7FA31A9754C2}.Release|x86.ActiveCfg = Release|Win32
		{581B1C57-4DB8-4099-99D0-7FA31A9754C2}.Release|x86.Build.0 = Release|Win32
		{39F3339B-0BCD-49F0-A54B-F6954A23E88E}.Debug|x64.ActiveCfg = Debug|x64
		{39F3339B-0BCD-49F0-A54B-F6954A23E88E}.Debug|x64.Build.0 = Debug|x64
		{39F3339B-0BCD-49F0-A54B-F6954A23E88E}.Debug|x86.ActiveCfg = Debug|Win32
		{39F3339B-0BCD-49F0-A54B-F6954A23E88E}.Debug|x86.Build.0 = Debug|Win32
		{39F3339B-0BCD-49F0-A54B-F6954A23E88E}.Release|x64.ActiveCfg = Release|x64
		{39F3339B-0BCD-49F0-A54B-F6954A23E88E}.Release|x64.Build.0 = Release|x64
		{39F3339B-0BCD-49F0-A54B-F6954A23E88E}.Release|x86.ActiveCfg = Release|Win32
		{39F3339B-0BCD-49F0-A54B-F6954A23E88E}.Release|x86.Build.0 = Release|Win32
		{E9330F1D-50B3-4148-B2DA-EEB02BB32790}.Debug|x64.ActiveCfg = Debug|x64
		{E9330F1D-50B3-4148-B2DA-EEB02BB32790}.Debug|x64.Build.0 = Debug|x64
		{E9330F1D-50B3-4148-B2DA-EEB02BB32790}.Debug|x86.ActiveCfg = Debug|Win32
		{E9330F1D-50B3-4148-B2DA-EEB02BB32790}.Debug|x86.Build.0 = Debug|Win32
		{E9330F1D-50B3-4148-B2DA-EEB02BB32790}.Release|x64.ActiveCfg = Release|x64
		{E9330F1D-50B3-4148-B2DA-EEB02BB32790}.Release|x64.Build.0 = Release|x64
		{E9330F1D-50B3-4148-B2DA-EEB02BB32790}.Release|x86.ActiveCfg = Release|Win32
		{E9330F1D-50B3-4148-B2DA-EEB02BB32790}.Release|x86.Build.0 = Release|Win32
		{F59A14E2-4CB6-4C15-8D62-02610A1C4ECA}.Debug|x64.ActiveCfg = Debug|x64
		{F59A14E2-4CB6-4C15-8D62-02610A1C4ECA}.Debug|x64.Build.0 = Debug|x64
		{F59A14E2-4CB6-4C15-8D62-02610A1C4ECA}.Debug|x86.ActiveCfg = Debug|Win32
		{F59A14E2-4CB6-4C15-8D62-02610A1C4ECA}.Debug|x86.Build.0 = Debug|Win32
		{F59A14E2-4CB6-4C15-8D62-02610A1C4ECA}.Release|x64.ActiveCfg = Release|x64
		{F59A14E2-4CB6-4C15-8D62-02610A1C4ECA}.Release|x64.Build.0 = Release|x64
		{F59A14E2-4CB6-4C15-8D62-02610A1C4ECA}.Release|x86.ActiveCfg = Release|Win32
		{F59A14E2-4CB6-4C15-8D62-02610A1C4ECA}.Release|x86.Build.0 = Release|Win32
	EndGlobalSection
	GlobalSection(SolutionProperties) = preSolution
		HideSolutionNode = FALSE
	EndGlobalSection
	GlobalSection(ExtensibilityGlobals) = postSolution
		SolutionGuid = {B41D763C-862E-4EFD-91E4-3C83317A84C7}
	EndGlobalSection
EndGlobal
